<?xml version="1.0" encoding="utf-8"?>
<Project ToolsVersion="4.0" xmlns="http://schemas.microsoft.com/developer/msbuild/2003">
  <ItemGroup>
    <Filter Include="Source Files">
      <UniqueIdentifier>{4FC737F1-C7A5-4376-A066-2A32D752A2FF}</UniqueIdentifier>
      <Extensions>cpp;c;cc;cxx;c++;cppm;ixx;def;odl;idl;hpj;bat;asm;asmx</Extensions>
    </Filter>
    <Filter Include="Header Files">
      <UniqueIdentifier>{93995380-89BD-4b04-88EB-625FBE52EBFB}</UniqueIdentifier>
      <Extensions>h;hh;hpp;hxx;h++;hm;inl;inc;ipp;xsd</Extensions>
    </Filter>
    <Filter Include="GameClasses">
      <UniqueIdentifier>{1c759f6f-c399-4559-be07-60703888f751}</UniqueIdentifier>
    </Filter>
    <Filter Include="EventSystem">
      <UniqueIdentifier>{a6eb7462-05fd-4953-a785-23bf6536e143}</UniqueIdentifier>
    </Filter>
    <Filter Include="GameObjects">
      <UniqueIdentifier>{efb72bb0-3563-4d03-9333-be047712bae9}</UniqueIdentifier>
    </Filter>
    <Filter Include="Messages">
      <UniqueIdentifier>{6a21a08a-5880-4143-b7f2-25d0de35278c}</UniqueIdentifier>
    </Filter>
    <Filter Include="GameClasses\Input">
      <UniqueIdentifier>{35e13625-7035-4e06-8564-d2d071ff88fe}</UniqueIdentifier>
    </Filter>
    <Filter Include="GameClasses\Visual">
      <UniqueIdentifier>{ca8f5d82-770b-4958-a743-a8765eec92a1}</UniqueIdentifier>
    </Filter>
  </ItemGroup>
  <ItemGroup>
    <ClInclude Include="TeleportEvent.h">
      <Filter>EventSystem</Filter>
    </ClInclude>
    <ClInclude Include="ScoreEvent.h">
      <Filter>EventSystem</Filter>
    </ClInclude>
    <ClInclude Include="HealEvent.h">
      <Filter>EventSystem</Filter>
    </ClInclude>
    <ClInclude Include="EventSystem.h">
      <Filter>EventSystem</Filter>
    </ClInclude>
    <ClInclude Include="DamageEvent.h">
      <Filter>EventSystem</Filter>
    </ClInclude>
    <ClInclude Include="BasicEvent.h">
      <Filter>EventSystem</Filter>
    </ClInclude>
    <ClInclude Include="lvl.h">
      <Filter>GameClasses</Filter>
    </ClInclude>
    <ClInclude Include="Generator.h">
      <Filter>GameClasses</Filter>
    </ClInclude>
    <ClInclude Include="Game.h">
      <Filter>GameClasses</Filter>
    </ClInclude>
    <ClInclude Include="BasicClass.h">
      <Filter>GameObjects</Filter>
    </ClInclude>
    <ClInclude Include="Characts.h">
      <Filter>GameObjects</Filter>
    </ClInclude>
    <ClInclude Include="Cell.h">
      <Filter>GameObjects</Filter>
    </ClInclude>
    <ClInclude Include="Field.h">
      <Filter>GameObjects</Filter>
    </ClInclude>
    <ClInclude Include="GameObject.h">
      <Filter>GameObjects</Filter>
    </ClInclude>
    <ClInclude Include="ObjectPosition.h">
      <Filter>GameObjects</Filter>
    </ClInclude>
    <ClInclude Include="Player.h">
      <Filter>GameObjects</Filter>
    </ClInclude>
    <ClInclude Include="Controller.h">
      <Filter>GameClasses\Input</Filter>
    </ClInclude>
    <ClInclude Include="Controlls.h">
      <Filter>GameClasses\Input</Filter>
    </ClInclude>
    <ClInclude Include="I_PlayerInput.h">
      <Filter>GameClasses\Input</Filter>
    </ClInclude>
    <ClInclude Include="PlayerInput.h">
      <Filter>GameClasses\Input</Filter>
    </ClInclude>
    <ClInclude Include="timer.h">
      <Filter>GameClasses\Input</Filter>
    </ClInclude>
    <ClInclude Include="I_Visualise.h">
      <Filter>GameClasses\Visual</Filter>
    </ClInclude>
    <ClInclude Include="Menu.h">
      <Filter>GameClasses\Visual</Filter>
    </ClInclude>
    <ClInclude Include="Visualise.h">
      <Filter>GameClasses\Visual</Filter>
    </ClInclude>
    <ClInclude Include="I_Message.h">
      <Filter>Messages</Filter>
    </ClInclude>
    <ClInclude Include="InputCmdMSG.h">
      <Filter>Messages</Filter>
    </ClInclude>
    <ClInclude Include="InputNoCmdMSG.h">
      <Filter>Messages</Filter>
    </ClInclude>
    <ClInclude Include="LoseMSG.h">
      <Filter>Messages</Filter>
    </ClInclude>
    <ClInclude Include="NewGameMSG.h">
      <Filter>Messages</Filter>
    </ClInclude>
    <ClInclude Include="WinMSG.h">
      <Filter>Messages</Filter>
    </ClInclude>
  </ItemGroup>
  <ItemGroup>
    <ClCompile Include="lecture1.cpp">
      <Filter>Source Files</Filter>
    </ClCompile>
    <ClCompile Include="DamageEvent.cpp">
      <Filter>EventSystem</Filter>
    </ClCompile>
    <ClCompile Include="HealEvent.cpp">
      <Filter>EventSystem</Filter>
    </ClCompile>
    <ClCompile Include="ScoreEvent.cpp">
      <Filter>EventSystem</Filter>
    </ClCompile>
    <ClCompile Include="TeleportEvent.cpp">
      <Filter>EventSystem</Filter>
    </ClCompile>
    <ClCompile Include="Generator.cpp">
      <Filter>GameClasses</Filter>
    </ClCompile>
    <ClCompile Include="lvl.cpp">
      <Filter>GameClasses</Filter>
    </ClCompile>
    <ClCompile Include="Game.cpp">
      <Filter>GameClasses</Filter>
    </ClCompile>
    <ClCompile Include="Player.cpp">
      <Filter>GameObjects</Filter>
    </ClCompile>
    <ClCompile Include="GameObject.cpp">
      <Filter>GameObjects</Filter>
    </ClCompile>
    <ClCompile Include="Field.cpp">
      <Filter>GameObjects</Filter>
    </ClCompile>
    <ClCompile Include="Cell.cpp">
      <Filter>GameObjects</Filter>
    </ClCompile>
    <ClCompile Include="lb1.cpp">
      <Filter>Source Files</Filter>
    </ClCompile>
    <ClCompile Include="Controller.cpp">
      <Filter>GameClasses\Input</Filter>
    </ClCompile>
    <ClCompile Include="PlayerInput.cpp">
      <Filter>GameClasses\Input</Filter>
    </ClCompile>
    <ClCompile Include="timer.cpp">
      <Filter>GameClasses\Input</Filter>
    </ClCompile>
    <ClCompile Include="Menu.cpp">
      <Filter>GameClasses\Visual</Filter>
    </ClCompile>
    <ClCompile Include="Visualise.cpp">
      <Filter>GameClasses\Visual</Filter>
    </ClCompile>
    <ClCompile Include="I_Message.cpp">
      <Filter>Messages</Filter>
    </ClCompile>
    <ClCompile Include="InputCmdMSG.cpp">
      <Filter>Messages</Filter>
    </ClCompile>
    <ClCompile Include="InputNoCmdMSG.cpp">
      <Filter>Messages</Filter>
    </ClCompile>
    <ClCompile Include="LoseMSG.cpp">
      <Filter>Messages</Filter>
    </ClCompile>
    <ClCompile Include="NewGameMSG.cpp">
      <Filter>Messages</Filter>
    </ClCompile>
    <ClCompile Include="WinMSG.cpp">
      <Filter>Messages</Filter>
    </ClCompile>
  </ItemGroup>
  <ItemGroup>
    <Text Include="lvls\lvl1\controls.txt" />
    <Text Include="lvls\lvl1\field.txt" />
    <Text Include="lvls\lvl1\player.txt" />
    <Text Include="lvls\lvl1\visuals.txt" />
  </ItemGroup>
</Project>